// !$*UTF8*$!
{
	archiveVersion = 1;
	classes = {
	};
	objectVersion = 50;
	objects = {

/* Begin PBXBuildFile section */
		C7AE9368222F2B9100C3A608 /* AppDelegate.swift in Sources */ = {isa = PBXBuildFile; fileRef = C7AE9367222F2B9100C3A608 /* AppDelegate.swift */; };
		C7AE936A222F2B9100C3A608 /* ViewController.swift in Sources */ = {isa = PBXBuildFile; fileRef = C7AE9369222F2B9100C3A608 /* ViewController.swift */; };
		C7AE936D222F2B9100C3A608 /* Main.storyboard in Resources */ = {isa = PBXBuildFile; fileRef = C7AE936B222F2B9100C3A608 /* Main.storyboard */; };
		C7AE936F222F2B9200C3A608 /* Assets.xcassets in Resources */ = {isa = PBXBuildFile; fileRef = C7AE936E222F2B9200C3A608 /* Assets.xcassets */; };
		C7AE9372222F2B9200C3A608 /* LaunchScreen.storyboard in Resources */ = {isa = PBXBuildFile; fileRef = C7AE9370222F2B9200C3A608 /* LaunchScreen.storyboard */; };
		C7AE937A222F2C8700C3A608 /* FeelingCell.swift in Sources */ = {isa = PBXBuildFile; fileRef = C7AE9379222F2C8700C3A608 /* FeelingCell.swift */; };
/* End PBXBuildFile section */

/* Begin PBXFileReference section */
		C7AE9364222F2B9100C3A608 /* PureAdaptiveStackViewMoodCells.app */ = {isa = PBXFileReference; explicitFileType = wrapper.application; includeInIndex = 0; path = PureAdaptiveStackViewMoodCells.app; sourceTree = BUILT_PRODUCTS_DIR; };
		C7AE9367222F2B9100C3A608 /* AppDelegate.swift */ = {isa = PBXFileReference; lastKnownFileType = sourcecode.swift; path = AppDelegate.swift; sourceTree = "<group>"; };
		C7AE9369222F2B9100C3A608 /* ViewController.swift */ = {isa = PBXFileReference; lastKnownFileType = sourcecode.swift; path = ViewController.swift; sourceTree = "<group>"; };
		C7AE936C222F2B9100C3A608 /* Base */ = {isa = PBXFileReference; lastKnownFileType = file.storyboard; name = Base; path = Base.lproj/Main.storyboard; sourceTree = "<group>"; };
		C7AE936E222F2B9200C3A608 /* Assets.xcassets */ = {isa = PBXFileReference; lastKnownFileType = folder.assetcatalog; path = Assets.xcassets; sourceTree = "<group>"; };
		C7AE9371222F2B9200C3A608 /* Base */ = {isa = PBXFileReference; lastKnownFileType = file.storyboard; name = Base; path = Base.lproj/LaunchScreen.storyboard; sourceTree = "<group>"; };
		C7AE9373222F2B9200C3A608 /* Info.plist */ = {isa = PBXFileReference; lastKnownFileType = text.plist.xml; path = Info.plist; sourceTree = "<group>"; };
		C7AE9379222F2C8700C3A608 /* FeelingCell.swift */ = {isa = PBXFileReference; lastKnownFileType = sourcecode.swift; path = FeelingCell.swift; sourceTree = "<group>"; };
/* End PBXFileReference section */

/* Begin PBXFrameworksBuildPhase section */
		C7AE9361222F2B9100C3A608 /* Frameworks */ = {
			isa = PBXFrameworksBuildPhase;
			buildActionMask = 2147483647;
			files = (
			);
			runOnlyForDeploymentPostprocessing = 0;
		};
/* End PBXFrameworksBuildPhase section */

/* Begin PBXGroup section */
		C7AE935B222F2B9100C3A608 = {
			isa = PBXGroup;
			children = (
				C7AE9366222F2B9100C3A608 /* PureAdaptiveStackViewMoodCells */,
				C7AE9365222F2B9100C3A608 /* Products */,
			);
			sourceTree = "<group>";
		};
		C7AE9365222F2B9100C3A608 /* Products */ = {
			isa = PBXGroup;
			children = (
				C7AE9364222F2B9100C3A608 /* PureAdaptiveStackViewMoodCells.app */,
			);
			name = Products;
			sourceTree = "<group>";
		};
		C7AE9366222F2B9100C3A608 /* PureAdaptiveStackViewMoodCells */ = {
			isa = PBXGroup;
			children = (
				C7AE9367222F2B9100C3A608 /* AppDelegate.swift */,
				C7AE9369222F2B9100C3A608 /* ViewController.swift */,
				C7AE9379222F2C8700C3A608 /* FeelingCell.swift */,
				C7AE936B222F2B9100C3A608 /* Main.storyboard */,
				C7AE936E222F2B9200C3A608 /* Assets.xcassets */,
				C7AE9370222F2B9200C3A608 /* LaunchScreen.storyboard */,
				C7AE9373222F2B9200C3A608 /* Info.plist */,
			);
			path = PureAdaptiveStackViewMoodCells;
			sourceTree = "<group>";
		};
/* End PBXGroup section */

/* Begin PBXNativeTarget section */
		C7AE9363222F2B9100C3A608 /* PureAdaptiveStackViewMoodCells */ = {
			isa = PBXNativeTarget;
			buildConfigurationList = C7AE9376222F2B9200C3A608 /* Build configuration list for PBXNativeTarget "PureAdaptiveStackViewMoodCells" */;
			buildPhases = (
				C7AE9360222F2B9100C3A608 /* Sources */,
				C7AE9361222F2B9100C3A608 /* Frameworks */,
				C7AE9362222F2B9100C3A608 /* Resources */,
			);
			buildRules = (
			);
			dependencies = (
			);
			name = PureAdaptiveStackViewMoodCells;
			productName = PureAdaptiveStackViewMoodCells;
			productReference = C7AE9364222F2B9100C3A608 /* PureAdaptiveStackViewMoodCells.app */;
			productType = "com.apple.product-type.application";
		};
/* End PBXNativeTarget section */

/* Begin PBXProject section */
		C7AE935C222F2B9100C3A608 /* Project object */ = {
			isa = PBXProject;
			attributes = {
				LastSwiftUpdateCheck = 1010;
				LastUpgradeCheck = 1010;
				ORGANIZATIONNAME = "Brian Voong";
				TargetAttributes = {
					C7AE9363222F2B9100C3A608 = {
						CreatedOnToolsVersion = 10.1;
					};
				};
			};
			buildConfigurationList = C7AE935F222F2B9100C3A608 /* Build configuration list for PBXProject "PureAdaptiveStackViewMoodCells" */;
			compatibilityVersion = "Xcode 9.3";
			developmentRegion = en;
			hasScannedForEncodings = 0;
			knownRegions = (
				en,
				Base,
			);
			mainGroup = C7AE935B222F2B9100C3A608;
			productRefGroup = C7AE9365222F2B9100C3A608 /* Products */;
			projectDirPath = "";
			projectRoot = "";
			targets = (
				C7AE9363222F2B9100C3A608 /* PureAdaptiveStackViewMoodCells */,
			);
		};
/* End PBXProject section */

/* Begin PBXResourcesBuildPhase section */
		C7AE9362222F2B9100C3A608 /* Resources */ = {
			isa = PBXResourcesBuildPhase;
			buildActionMask = 2147483647;
			files = (
				C7AE9372222F2B9200C3A608 /* LaunchScreen.storyboard in Resources */,
				C7AE936F222F2B9200C3A608 /* Assets.xcassets in Resources */,
				C7AE936D222F2B9100C3A608 /* Main.storyboard in Resources */,
			);
			runOnlyForDeploymentPostprocessing = 0;
		};
/* End PBXResourcesBuildPhase section */

/* Begin PBXSourcesBuildPhase section */
		C7AE9360222F2B9100C3A608 /* Sources */ = {
			isa = PBXSourcesBuildPhase;
			buildActionMask = 2147483647;
			files = (
				C7AE937A222F2C8700C3A608 /* FeelingCell.swift in Sources */,
				C7AE936A222F2B9100C3A608 /* ViewController.swift in Sources */,
				C7AE9368222F2B9100C3A608 /* AppDelegate.swift in Sources */,
			);
			runOnlyForDeploymentPostprocessing = 0;
		};
/* End PBXSourcesBuildPhase section */

/* Begin PBXVariantGroup section */
		C7AE936B222F2B9100C3A608 /* Main.storyboard */ = {
			isa = PBXVariantGroup;
			children = (
				C7AE936C222F2B9100C3A608 /* Base */,
			);
			name = Main.storyboard;
			sourceTree = "<group>";
		};
		C7AE9370222F2B9200C3A608 /* LaunchScreen.storyboard */ = {
			isa = PBXVariantGroup;
			children = (
				C7AE9371222F2B9200C3A608 /* Base */,
			);
			name = LaunchScreen.storyboard;
			sourceTree = "<group>";
		};
/* End PBXVariantGroup section */

/* Begin XCBuildConfiguration section */
		C7AE9374222F2B9200C3A608 /* Debug */ = {
			isa = XCBuildConfiguration;
			buildSettings = {
				ALWAYS_SEARCH_USER_PATHS = NO;
				CLANG_ANALYZER_NONNULL = YES;
				CLANG_ANALYZER_NUMBER_OBJECT_CONVERSION = YES_AGGRESSIVE;
				CLANG_CXX_LANGUAGE_STANDARD = "gnu++14";
				CLANG_CXX_LIBRARY = "libc++";
				CLANG_ENABLE_MODULES = YES;
				CLANG_ENABLE_OBJC_ARC = YES;
				CLANG_ENABLE_OBJC_WEAK = YES;
				CLANG_WARN_BLOCK_CAPTURE_AUTORELEASING = YES;
				CLANG_WARN_BOOL_CONVERSION = YES;
				CLANG_WARN_COMMA = YES;
				CLANG_WARN_CONSTANT_CONVERSION = YES;
				CLANG_WARN_DEPRECATED_OBJC_IMPLEMENTATIONS = YES;
				CLANG_WARN_DIRECT_OBJC_ISA_USAGE = YES_ERROR;
				CLANG_WARN_DOCUMENTATION_COMMENTS = YES;
				CLANG_WARN_EMPTY_BODY = YES;
				CLANG_WARN_ENUM_CONVERSION = YES;
				CLANG_WARN_INFINITE_RECURSION = YES;
				CLANG_WARN_INT_CONVERSION = YES;
				CLANG_WARN_NON_LITERAL_NULL_CONVERSION = YES;
				CLANG_WARN_OBJC_IMPLICIT_RETAIN_SELF = YES;
				CLANG_WARN_OBJC_LITERAL_CONVERSION = YES;
				CLANG_WARN_OBJC_ROOT_CLASS = YES_ERROR;
				CLANG_WARN_RANGE_LOOP_ANALYSIS = YES;
				CLANG_WARN_STRICT_PROTOTYPES = YES;
				CLANG_WARN_SUSPICIOUS_MOVE = YES;
				CLANG_WARN_UNGUARDED_AVAILABILITY = YES_AGGRESSIVE;
				CLANG_WARN_UNREACHABLE_CODE = YES;
				CLANG_WARN__DUPLICATE_METHOD_MATCH = YES;
				CODE_SIGN_IDENTITY = "iPhone Developer";
				COPY_PHASE_STRIP = NO;
				DEBUG_INFORMATION_FORMAT = dwarf;
				ENABLE_STRICT_OBJC_MSGSEND = YES;
				ENABLE_TESTABILITY = YES;
				GCC_C_LANGUAGE_STANDARD = gnu11;
				GCC_DYNAMIC_NO_PIC = NO;
				GCC_NO_COMMON_BLOCKS = YES;
				GCC_OPTIMIZATION_LEVEL = 0;
				GCC_PREPROCESSOR_DEFINITIONS = (
					"DEBUG=1",
					"$(inherited)",
				);
				GCC_WARN_64_TO_32_BIT_CONVERSION = YES;
				GCC_WARN_ABOUT_RETURN_TYPE = YES_ERROR;
				GCC_WARN_UNDECLARED_SELECTOR = YES;
				GCC_WARN_UNINITIALIZED_AUTOS = YES_AGGRESSIVE;
				GCC_WARN_UNUSED_FUNCTION = YES;
				GCC_WARN_UNUSED_VARIABLE = YES;
				IPHONEOS_DEPLOYMENT_TARGET = 12.1;
				MTL_ENABLE_DEBUG_INFO = INCLUDE_SOURCE;
				MTL_FAST_MATH = YES;
				ONLY_ACTIVE_ARCH = YES;
				SDKROOT = iphoneos;
				SWIFT_ACTIVE_COMPILATION_CONDITIONS = DEBUG;
				SWIFT_OPTIMIZATION_LEVEL = "-Onone";
			};
			name = Debug;
		};
		C7AE9375222F2B9200C3A608 /* Release */ = {
			isa = XCBuildConfiguration;
			buildSettings = {
				ALWAYS_SEARCH_USER_PATHS = NO;
				CLANG_ANALYZER_NONNULL = YES;
				CLANG_ANALYZER_NUMBER_OBJECT_CONVERSION = YES_AGGRESSIVE;
				CLANG_CXX_LANGUAGE_STANDARD = "gnu++14";
				CLANG_CXX_LIBRARY = "libc++";
				CLANG_ENABLE_MODULES = YES;
				CLANG_ENABLE_OBJC_ARC = YES;
				CLANG_ENABLE_OBJC_WEAK = YES;
				CLANG_WARN_BLOCK_CAPTURE_AUTORELEASING = YES;
				CLANG_WARN_BOOL_CONVERSION = YES;
				CLANG_WARN_COMMA = YES;
				CLANG_WARN_CONSTANT_CONVERSION = YES;
				CLANG_WARN_DEPRECATED_OBJC_IMPLEMENTATIONS = YES;
				CLANG_WARN_DIRECT_OBJC_ISA_USAGE = YES_ERROR;
				CLANG_WARN_DOCUMENTATION_COMMENTS = YES;
				CLANG_WARN_EMPTY_BODY = YES;
				CLANG_WARN_ENUM_CONVERSION = YES;
				CLANG_WARN_INFINITE_RECURSION = YES;
				CLANG_WARN_INT_CONVERSION = YES;
				CLANG_WARN_NON_LITERAL_NULL_CONVERSION = YES;
				CLANG_WARN_OBJC_IMPLICIT_RETAIN_SELF = YES;
				CLANG_WARN_OBJC_LITERAL_CONVERSION = YES;
				CLANG_WARN_OBJC_ROOT_CLASS = YES_ERROR;
				CLANG_WARN_RANGE_LOOP_ANALYSIS = YES;
				CLANG_WARN_STRICT_PROTOTYPES = YES;
				CLANG_WARN_SUSPICIOUS_MOVE = YES;
				CLANG_WARN_UNGUARDED_AVAILABILITY = YES_AGGRESSIVE;
				CLANG_WARN_UNREACHABLE_CODE = YES;
				CLANG_WARN__DUPLICATE_METHOD_MATCH = YES;
				CODE_SIGN_IDENTITY = "iPhone Developer";
				COPY_PHASE_STRIP = NO;
				DEBUG_INFORMATION_FORMAT = "dwarf-with-dsym";
				ENABLE_NS_ASSERTIONS = NO;
				ENABLE_STRICT_OBJC_MSGSEND = YES;
				GCC_C_LANGUAGE_STANDARD = gnu11;
				GCC_NO_COMMON_BLOCKS = YES;
				GCC_WARN_64_TO_32_BIT_CONVERSION = YES;
				GCC_WARN_ABOUT_RETURN_TYPE = YES_ERROR;
				GCC_WARN_UNDECLARED_SELECTOR = YES;
				GCC_WARN_UNINITIALIZED_AUTOS = YES_AGGRESSIVE;
				GCC_WARN_UNUSED_FUNCTION = YES;
				GCC_WARN_UNUSED_VARIABLE = YES;
				IPHONEOS_DEPLOYMENT_TARGET = 12.1;
				MTL_ENABLE_DEBUG_INFO = NO;
				MTL_FAST_MATH = YES;
				SDKROOT = iphoneos;
				SWIFT_COMPILATION_MODE = wholemodule;
				SWIFT_OPTIMIZATION_LEVEL = "-O";
				VALIDATE_PRODUCT = YES;
			};
			name = Release;
		};
		C7AE9377222F2B9200C3A608 /* Debug */ = {
			isa = XCBuildConfiguration;
			buildSettings = {
				ASSETCATALOG_COMPILER_APPICON_NAME = AppIcon;
				CODE_SIGN_STYLE = Automatic;
				INFOPLIST_FILE = PureAdaptiveStackViewMoodCells/Info.plist;
				LD_RUNPATH_SEARCH_PATHS = (
					"$(inherited)",
					"@executable_path/Frameworks",
				);
				PRODUCT_BUNDLE_IDENTIFIER = com.letsbuildthatapp.PureAdaptiveStackViewMoodCells;
				PRODUCT_NAME = "$(TARGET_NAME)";
				SWIFT_VERSION = 4.2;
				TARGETED_DEVICE_FAMILY = "1,2";
			};
			name = Debug;
		};
		C7AE9378222F2B9200C3A608 /* Release */ = {
			isa = XCBuildConfiguration;
			buildSettings = {
				ASSETCATALOG_COMPILER_APPICON_NAME = AppIcon;
				CODE_SIGN_STYLE = Automatic;
				INFOPLIST_FILE = PureAdaptiveStackViewMoodCells/Info.plist;
				LD_RUNPATH_SEARCH_PATHS = (
					"$(inherited)",
					"@executable_path/Frameworks",
				);
				PRODUCT_BUNDLE_IDENTIFIER = com.letsbuildthatapp.PureAdaptiveStackViewMoodCells;
				PRODUCT_NAME = "$(TARGET_NAME)";
				SWIFT_VERSION = 4.2;
				TARGETED_DEVICE_FAMILY = "1,2";
			};
			name = Release;
		};
/* End XCBuildConfiguration section */

/* Begin XCConfigurationList section */
		C7AE935F222F2B9100C3A608 /* Build configuration list for PBXProject "PureAdaptiveStackViewMoodCells" */ = {
			isa = XCConfigurationList;
			buildConfigurations = (
				C7AE9374222F2B9200C3A608 /* Debug */,
				C7AE9375222F2B9200C3A608 /* Release */,
			);
			defaultConfigurationIsVisible = 0;
			defaultConfigurationName = Release;
		};
		C7AE9376222F2B9200C3A608 /* Build configuration list for PBXNativeTarget "PureAdaptiveStackViewMoodCells" */ = {
			isa = XCConfigurationList;
			buildConfigurations = (
				C7AE9377222F2B9200C3A608 /* Debug */,
				C7AE9378222F2B9200C3A608 /* Release */,
			);
			defaultConfigurationIsVisible = 0;
			defaultConfigurationName = Release;
		};
/* End XCConfigurationList section */
	};
	rootObject = C7AE935C222F2B9100C3A608 /* Project object */;
}
